
Microsoft Visual Studio Solution File, Format Version 12.00
# Visual Studio Version 17
VisualStudioVersion = 17.4.33103.184
MinimumVisualStudioVersion = 10.0.40219.1
Project("{FAE04EC0-301F-11D3-BF4B-00C04F79EFBC}") = "FundRaiserCloudWeb", "FundRaiserCloudWeb\FundRaiserCloudWeb.csproj", "{6C5C15F3-3F6E-4672-8D08-399DEBFEFC19}"
EndProject
Global
	GlobalSection(SolutionConfigurationPlatforms) = preSolution
		Debug|Any CPU = Debug|Any CPU
		Release|Any CPU = Release|Any CPU
	EndGlobalSection
	GlobalSection(ProjectConfigurationPlatforms) = postSolution
		{6C5C15F3-3F6E-4672-8D08-399DEBFEFC19}.Debug|Any CPU.ActiveCfg = Debug|Any CPU
		{6C5C15F3-3F6E-4672-8D08-399DEBFEFC19}.Debug|Any CPU.Build.0 = Debug|Any CPU
		{6C5C15F3-3F6E-4672-8D08-399DEBFEFC19}.Release|Any CPU.ActiveCfg = Release|Any CPU
		{6C5C15F3-3F6E-4672-8D08-399DEBFEFC19}.Release|Any CPU.Build.0 = Release|Any CPU
	EndGlobalSection
	GlobalSection(SolutionProperties) = preSolution
		HideSolutionNode = FALSE
	EndGlobalSection
	GlobalSection(ExtensibilityGlobals) = postSolution
		SolutionGuid = {992622D5-1AC8-43D3-A175-3E48889A70C1}
	EndGlobalSection
EndGlobal
